
Microsoft Visual Studio Solution File, Format Version 12.00
# Visual Studio Version 17
VisualStudioVersion = 17.3.32929.385
MinimumVisualStudioVersion = 10.0.40219.1
Project("{FAE04EC0-301F-11D3-BF4B-00C04F79EFBC}") = "WpfAppPekara", "WpfAppPekara\WpfAppPekara.csproj", "{6CD91443-B118-4770-A781-C6501AB84D79}"
EndProject
Global
	GlobalSection(SolutionConfigurationPlatforms) = preSolution
		Debug|Any CPU = Debug|Any CPU
		Release|Any CPU = Release|Any CPU
	EndGlobalSection
	GlobalSection(ProjectConfigurationPlatforms) = postSolution
		{6CD91443-B118-4770-A781-C6501AB84D79}.Debug|Any CPU.ActiveCfg = Debug|Any CPU
		{6CD91443-B118-4770-A781-C6501AB84D79}.Debug|Any CPU.Build.0 = Debug|Any CPU
		{6CD91443-B118-4770-A781-C6501AB84D79}.Release|Any CPU.ActiveCfg = Release|Any CPU
		{6CD91443-B118-4770-A781-C6501AB84D79}.Release|Any CPU.Build.0 = Release|Any CPU
	EndGlobalSection
	GlobalSection(SolutionProperties) = preSolution
		HideSolutionNode = FALSE
	EndGlobalSection
	GlobalSection(ExtensibilityGlobals) = postSolution
		SolutionGuid = {2A6C2C6B-B82A-45A6-B7C7-E5D1F9FDCF18}
	EndGlobalSection
EndGlobal
